// !$*UTF8*$!
{
	archiveVersion = 1;
	classes = {
	};
	objectVersion = 51;
	objects = {

/* Begin PBXBuildFile section */
		A5402CEA1C72E37F36FA15A6 /* Pods_PhotoFlicker.framework in Frameworks */ = {isa = PBXBuildFile; fileRef = 02B67E66A6593993218375DE /* Pods_PhotoFlicker.framework */; };
		D97E4DF325FA5F9100A9D363 /* AppDelegate.swift in Sources */ = {isa = PBXBuildFile; fileRef = D97E4DF225FA5F9100A9D363 /* AppDelegate.swift */; };
		D97E4DF525FA5F9100A9D363 /* SceneDelegate.swift in Sources */ = {isa = PBXBuildFile; fileRef = D97E4DF425FA5F9100A9D363 /* SceneDelegate.swift */; };
		D97E4DF725FA5F9100A9D363 /* ViewResultVc.swift in Sources */ = {isa = PBXBuildFile; fileRef = D97E4DF625FA5F9100A9D363 /* ViewResultVc.swift */; };
		D97E4DFA25FA5F9100A9D363 /* Main.storyboard in Resources */ = {isa = PBXBuildFile; fileRef = D97E4DF825FA5F9100A9D363 /* Main.storyboard */; };
		D97E4DFC25FA5F9500A9D363 /* Assets.xcassets in Resources */ = {isa = PBXBuildFile; fileRef = D97E4DFB25FA5F9500A9D363 /* Assets.xcassets */; };
		D97E4DFF25FA5F9500A9D363 /* LaunchScreen.storyboard in Resources */ = {isa = PBXBuildFile; fileRef = D97E4DFD25FA5F9500A9D363 /* LaunchScreen.storyboard */; };
		D97E4E0825FA606000A9D363 /* DetailImageVc.swift in Sources */ = {isa = PBXBuildFile; fileRef = D97E4E0725FA606000A9D363 /* DetailImageVc.swift */; };
		D97E4E0E25FA607B00A9D363 /* photoCell.swift in Sources */ = {isa = PBXBuildFile; fileRef = D97E4E0D25FA607B00A9D363 /* photoCell.swift */; };
		D97E4E1125FA608000A9D363 /* photoCell.xib in Resources */ = {isa = PBXBuildFile; fileRef = D97E4E1025FA608000A9D363 /* photoCell.xib */; };
		D97E4E1625FA60AC00A9D363 /* ViewResualtVC+CollectionView.swift in Sources */ = {isa = PBXBuildFile; fileRef = D97E4E1525FA60AB00A9D363 /* ViewResualtVC+CollectionView.swift */; };
		D97E4E1925FA60BB00A9D363 /* PhotosModel.swift in Sources */ = {isa = PBXBuildFile; fileRef = D97E4E1825FA60BB00A9D363 /* PhotosModel.swift */; };
		D97E4E1C25FA60C700A9D363 /* Networking.swift in Sources */ = {isa = PBXBuildFile; fileRef = D97E4E1B25FA60C700A9D363 /* Networking.swift */; };
/* End PBXBuildFile section */

/* Begin PBXFileReference section */
		02B67E66A6593993218375DE /* Pods_PhotoFlicker.framework */ = {isa = PBXFileReference; explicitFileType = wrapper.framework; includeInIndex = 0; path = Pods_PhotoFlicker.framework; sourceTree = BUILT_PRODUCTS_DIR; };
		035A74EC79534E946AD883D5 /* Pods-PhotoFlicker.debug.xcconfig */ = {isa = PBXFileReference; includeInIndex = 1; lastKnownFileType = text.xcconfig; name = "Pods-PhotoFlicker.debug.xcconfig"; path = "Target Support Files/Pods-PhotoFlicker/Pods-PhotoFlicker.debug.xcconfig"; sourceTree = "<group>"; };
		C8E4FC7C93D2881D928E4682 /* Pods-PhotoFlicker.release.xcconfig */ = {isa = PBXFileReference; includeInIndex = 1; lastKnownFileType = text.xcconfig; name = "Pods-PhotoFlicker.release.xcconfig"; path = "Target Support Files/Pods-PhotoFlicker/Pods-PhotoFlicker.release.xcconfig"; sourceTree = "<group>"; };
		D97E4DEF25FA5F9100A9D363 /* PhotoFlicker.app */ = {isa = PBXFileReference; explicitFileType = wrapper.application; includeInIndex = 0; path = PhotoFlicker.app; sourceTree = BUILT_PRODUCTS_DIR; };
		D97E4DF225FA5F9100A9D363 /* AppDelegate.swift */ = {isa = PBXFileReference; lastKnownFileType = sourcecode.swift; path = AppDelegate.swift; sourceTree = "<group>"; };
		D97E4DF425FA5F9100A9D363 /* SceneDelegate.swift */ = {isa = PBXFileReference; lastKnownFileType = sourcecode.swift; path = SceneDelegate.swift; sourceTree = "<group>"; };
		D97E4DF625FA5F9100A9D363 /* ViewResultVc.swift */ = {isa = PBXFileReference; lastKnownFileType = sourcecode.swift; path = ViewResultVc.swift; sourceTree = "<group>"; };
		D97E4DF925FA5F9100A9D363 /* Base */ = {isa = PBXFileReference; lastKnownFileType = file.storyboard; name = Base; path = Base.lproj/Main.storyboard; sourceTree = "<group>"; };
		D97E4DFB25FA5F9500A9D363 /* Assets.xcassets */ = {isa = PBXFileReference; lastKnownFileType = folder.assetcatalog; path = Assets.xcassets; sourceTree = "<group>"; };
		D97E4DFE25FA5F9500A9D363 /* Base */ = {isa = PBXFileReference; lastKnownFileType = file.storyboard; name = Base; path = Base.lproj/LaunchScreen.storyboard; sourceTree = "<group>"; };
		D97E4E0025FA5F9500A9D363 /* Info.plist */ = {isa = PBXFileReference; lastKnownFileType = text.plist.xml; path = Info.plist; sourceTree = "<group>"; };
		D97E4E0725FA606000A9D363 /* DetailImageVc.swift */ = {isa = PBXFileReference; fileEncoding = 4; lastKnownFileType = sourcecode.swift; path = DetailImageVc.swift; sourceTree = "<group>"; };
		D97E4E0D25FA607B00A9D363 /* photoCell.swift */ = {isa = PBXFileReference; fileEncoding = 4; lastKnownFileType = sourcecode.swift; path = photoCell.swift; sourceTree = "<group>"; };
		D97E4E1025FA608000A9D363 /* photoCell.xib */ = {isa = PBXFileReference; fileEncoding = 4; lastKnownFileType = file.xib; path = photoCell.xib; sourceTree = "<group>"; };
		D97E4E1525FA60AB00A9D363 /* ViewResualtVC+CollectionView.swift */ = {isa = PBXFileReference; fileEncoding = 4; lastKnownFileType = sourcecode.swift; path = "ViewResualtVC+CollectionView.swift"; sourceTree = "<group>"; };
		D97E4E1825FA60BB00A9D363 /* PhotosModel.swift */ = {isa = PBXFileReference; fileEncoding = 4; lastKnownFileType = sourcecode.swift; path = PhotosModel.swift; sourceTree = "<group>"; };
		D97E4E1B25FA60C700A9D363 /* Networking.swift */ = {isa = PBXFileReference; fileEncoding = 4; lastKnownFileType = sourcecode.swift; path = Networking.swift; sourceTree = "<group>"; };
/* End PBXFileReference section */

/* Begin PBXFrameworksBuildPhase section */
		D97E4DEC25FA5F9100A9D363 /* Frameworks */ = {
			isa = PBXFrameworksBuildPhase;
			buildActionMask = 2147483647;
			files = (
				A5402CEA1C72E37F36FA15A6 /* Pods_PhotoFlicker.framework in Frameworks */,
			);
			runOnlyForDeploymentPostprocessing = 0;
		};
/* End PBXFrameworksBuildPhase section */

/* Begin PBXGroup section */
		04687594F5F3FAB71C3EBC8D /* Frameworks */ = {
			isa = PBXGroup;
			children = (
				02B67E66A6593993218375DE /* Pods_PhotoFlicker.framework */,
			);
			name = Frameworks;
			sourceTree = "<group>";
		};
		8EF1441987AB4745FFFFA4C1 /* Pods */ = {
			isa = PBXGroup;
			children = (
				035A74EC79534E946AD883D5 /* Pods-PhotoFlicker.debug.xcconfig */,
				C8E4FC7C93D2881D928E4682 /* Pods-PhotoFlicker.release.xcconfig */,
			);
			path = Pods;
			sourceTree = "<group>";
		};
		D97E4DE625FA5F9100A9D363 = {
			isa = PBXGroup;
			children = (
				D97E4DF125FA5F9100A9D363 /* PhotoFlicker */,
				D97E4DF025FA5F9100A9D363 /* Products */,
				8EF1441987AB4745FFFFA4C1 /* Pods */,
				04687594F5F3FAB71C3EBC8D /* Frameworks */,
			);
			sourceTree = "<group>";
		};
		D97E4DF025FA5F9100A9D363 /* Products */ = {
			isa = PBXGroup;
			children = (
				D97E4DEF25FA5F9100A9D363 /* PhotoFlicker.app */,
			);
			name = Products;
			sourceTree = "<group>";
		};
		D97E4DF125FA5F9100A9D363 /* PhotoFlicker */ = {
			isa = PBXGroup;
			children = (
				D97E4E2C25FA65B700A9D363 /* Networking */,
				D97E4E2A25FA659C00A9D363 /* DataModel */,
				D97E4E2625FA658400A9D363 /* Core */,
				D97E4E2425FA657900A9D363 /* Scenes */,
				D97E4E2E25FA65CA00A9D363 /* StroyBoard */,
				D97E4E2F25FA65DB00A9D363 /* Resourse */,
				D97E4E3025FA65EA00A9D363 /* Configuration */,
			);
			path = PhotoFlicker;
			sourceTree = "<group>";
		};
		D97E4E2325FA656000A9D363 /* CollectionViewCell */ = {
			isa = PBXGroup;
			children = (
				D97E4E0D25FA607B00A9D363 /* photoCell.swift */,
				D97E4E1025FA608000A9D363 /* photoCell.xib */,
			);
			path = CollectionViewCell;
			sourceTree = "<group>";
		};
		D97E4E2425FA657900A9D363 /* Scenes */ = {
			isa = PBXGroup;
			children = (
				D97E4E2325FA656000A9D363 /* CollectionViewCell */,
				D97E4DF625FA5F9100A9D363 /* ViewResultVc.swift */,
				D97E4E1525FA60AB00A9D363 /* ViewResualtVC+CollectionView.swift */,
				D97E4E0725FA606000A9D363 /* DetailImageVc.swift */,
			);
			path = Scenes;
			sourceTree = "<group>";
		};
		D97E4E2625FA658400A9D363 /* Core */ = {
			isa = PBXGroup;
			children = (
				D97E4DF225FA5F9100A9D363 /* AppDelegate.swift */,
				D97E4DF425FA5F9100A9D363 /* SceneDelegate.swift */,
			);
			path = Core;
			sourceTree = "<group>";
		};
		D97E4E2A25FA659C00A9D363 /* DataModel */ = {
			isa = PBXGroup;
			children = (
				D97E4E1825FA60BB00A9D363 /* PhotosModel.swift */,
			);
			path = DataModel;
			sourceTree = "<group>";
		};
		D97E4E2C25FA65B700A9D363 /* Networking */ = {
			isa = PBXGroup;
			children = (
				D97E4E1B25FA60C700A9D363 /* Networking.swift */,
			);
			path = Networking;
			sourceTree = "<group>";
		};
		D97E4E2E25FA65CA00A9D363 /* StroyBoard */ = {
			isa = PBXGroup;
			children = (
				D97E4DF825FA5F9100A9D363 /* Main.storyboard */,
			);
			path = StroyBoard;
			sourceTree = "<group>";
		};
		D97E4E2F25FA65DB00A9D363 /* Resourse */ = {
			isa = PBXGroup;
			children = (
				D97E4DFB25FA5F9500A9D363 /* Assets.xcassets */,
				D97E4DFD25FA5F9500A9D363 /* LaunchScreen.storyboard */,
			);
			path = Resourse;
			sourceTree = "<group>";
		};
		D97E4E3025FA65EA00A9D363 /* Configuration */ = {
			isa = PBXGroup;
			children = (
				D97E4E0025FA5F9500A9D363 /* Info.plist */,
			);
			path = Configuration;
			sourceTree = "<group>";
		};
/* End PBXGroup section */

/* Begin PBXNativeTarget section */
		D97E4DEE25FA5F9100A9D363 /* PhotoFlicker */ = {
			isa = PBXNativeTarget;
			buildConfigurationList = D97E4E0325FA5F9500A9D363 /* Build configuration list for PBXNativeTarget "PhotoFlicker" */;
			buildPhases = (
				5501DFB742A4F172A318D01B /* [CP] Check Pods Manifest.lock */,
				D97E4DEB25FA5F9100A9D363 /* Sources */,
				D97E4DEC25FA5F9100A9D363 /* Frameworks */,
				D97E4DED25FA5F9100A9D363 /* Resources */,
				FD56D8876D58AB556F16A276 /* [CP] Embed Pods Frameworks */,
			);
			buildRules = (
			);
			dependencies = (
			);
			name = PhotoFlicker;
			productName = PhotoFlicker;
			productReference = D97E4DEF25FA5F9100A9D363 /* PhotoFlicker.app */;
			productType = "com.apple.product-type.application";
		};
/* End PBXNativeTarget section */

/* Begin PBXProject section */
		D97E4DE725FA5F9100A9D363 /* Project object */ = {
			isa = PBXProject;
			attributes = {
				LastSwiftUpdateCheck = 1210;
				LastUpgradeCheck = 1210;
				TargetAttributes = {
					D97E4DEE25FA5F9100A9D363 = {
						CreatedOnToolsVersion = 12.1;
					};
				};
			};
			buildConfigurationList = D97E4DEA25FA5F9100A9D363 /* Build configuration list for PBXProject "PhotoFlicker" */;
			compatibilityVersion = "Xcode 9.3";
			developmentRegion = en;
			hasScannedForEncodings = 0;
			knownRegions = (
				en,
				Base,
			);
			mainGroup = D97E4DE625FA5F9100A9D363;
			productRefGroup = D97E4DF025FA5F9100A9D363 /* Products */;
			projectDirPath = "";
			projectRoot = "";
			targets = (
				D97E4DEE25FA5F9100A9D363 /* PhotoFlicker */,
			);
		};
/* End PBXProject section */

/* Begin PBXResourcesBuildPhase section */
		D97E4DED25FA5F9100A9D363 /* Resources */ = {
			isa = PBXResourcesBuildPhase;
			buildActionMask = 2147483647;
			files = (
				D97E4DFF25FA5F9500A9D363 /* LaunchScreen.storyboard in Resources */,
				D97E4E1125FA608000A9D363 /* photoCell.xib in Resources */,
				D97E4DFC25FA5F9500A9D363 /* Assets.xcassets in Resources */,
				D97E4DFA25FA5F9100A9D363 /* Main.storyboard in Resources */,
			);
			runOnlyForDeploymentPostprocessing = 0;
		};
/* End PBXResourcesBuildPhase section */

/* Begin PBXShellScriptBuildPhase section */
		5501DFB742A4F172A318D01B /* [CP] Check Pods Manifest.lock */ = {
			isa = PBXShellScriptBuildPhase;
			buildActionMask = 2147483647;
			files = (
			);
			inputFileListPaths = (
			);
			inputPaths = (
				"${PODS_PODFILE_DIR_PATH}/Podfile.lock",
				"${PODS_ROOT}/Manifest.lock",
			);
			name = "[CP] Check Pods Manifest.lock";
			outputFileListPaths = (
			);
			outputPaths = (
				"$(DERIVED_FILE_DIR)/Pods-PhotoFlicker-checkManifestLockResult.txt",
			);
			runOnlyForDeploymentPostprocessing = 0;
			shellPath = /bin/sh;
			shellScript = "diff \"${PODS_PODFILE_DIR_PATH}/Podfile.lock\" \"${PODS_ROOT}/Manifest.lock\" > /dev/null\nif [ $? != 0 ] ; then\n    # print error to STDERR\n    echo \"error: The sandbox is not in sync with the Podfile.lock. Run 'pod install' or update your CocoaPods installation.\" >&2\n    exit 1\nfi\n# This output is used by Xcode 'outputs' to avoid re-running this script phase.\necho \"SUCCESS\" > \"${SCRIPT_OUTPUT_FILE_0}\"\n";
			showEnvVarsInLog = 0;
		};
		FD56D8876D58AB556F16A276 /* [CP] Embed Pods Frameworks */ = {
			isa = PBXShellScriptBuildPhase;
			buildActionMask = 2147483647;
			files = (
			);
			inputFileListPaths = (
				"${PODS_ROOT}/Target Support Files/Pods-PhotoFlicker/Pods-PhotoFlicker-frameworks-${CONFIGURATION}-input-files.xcfilelist",
			);
			name = "[CP] Embed Pods Frameworks";
			outputFileListPaths = (
				"${PODS_ROOT}/Target Support Files/Pods-PhotoFlicker/Pods-PhotoFlicker-frameworks-${CONFIGURATION}-output-files.xcfilelist",
			);
			runOnlyForDeploymentPostprocessing = 0;
			shellPath = /bin/sh;
			shellScript = "\"${PODS_ROOT}/Target Support Files/Pods-PhotoFlicker/Pods-PhotoFlicker-frameworks.sh\"\n";
			showEnvVarsInLog = 0;
		};
/* End PBXShellScriptBuildPhase section */

/* Begin PBXSourcesBuildPhase section */
		D97E4DEB25FA5F9100A9D363 /* Sources */ = {
			isa = PBXSourcesBuildPhase;
			buildActionMask = 2147483647;
			files = (
				D97E4E1925FA60BB00A9D363 /* PhotosModel.swift in Sources */,
				D97E4E0E25FA607B00A9D363 /* photoCell.swift in Sources */,
				D97E4DF725FA5F9100A9D363 /* ViewResultVc.swift in Sources */,
				D97E4E1C25FA60C700A9D363 /* Networking.swift in Sources */,
				D97E4E0825FA606000A9D363 /* DetailImageVc.swift in Sources */,
				D97E4E1625FA60AC00A9D363 /* ViewResualtVC+CollectionView.swift in Sources */,
				D97E4DF325FA5F9100A9D363 /* AppDelegate.swift in Sources */,
				D97E4DF525FA5F9100A9D363 /* SceneDelegate.swift in Sources */,
			);
			runOnlyForDeploymentPostprocessing = 0;
		};
/* End PBXSourcesBuildPhase section */

/* Begin PBXVariantGroup section */
		D97E4DF825FA5F9100A9D363 /* Main.storyboard */ = {
			isa = PBXVariantGroup;
			children = (
				D97E4DF925FA5F9100A9D363 /* Base */,
			);
			name = Main.storyboard;
			sourceTree = "<group>";
		};
		D97E4DFD25FA5F9500A9D363 /* LaunchScreen.storyboard */ = {
			isa = PBXVariantGroup;
			children = (
				D97E4DFE25FA5F9500A9D363 /* Base */,
			);
			name = LaunchScreen.storyboard;
			sourceTree = "<group>";
		};
/* End PBXVariantGroup section */

/* Begin XCBuildConfiguration section */
		D97E4E0125FA5F9500A9D363 /* Debug */ = {
			isa = XCBuildConfiguration;
			buildSettings = {
				ALWAYS_SEARCH_USER_PATHS = NO;
				CLANG_ANALYZER_NONNULL = YES;
				CLANG_ANALYZER_NUMBER_OBJECT_CONVERSION = YES_AGGRESSIVE;
				CLANG_CXX_LANGUAGE_STANDARD = "gnu++14";
				CLANG_CXX_LIBRARY = "libc++";
				CLANG_ENABLE_MODULES = YES;
				CLANG_ENABLE_OBJC_ARC = YES;
				CLANG_ENABLE_OBJC_WEAK = YES;
				CLANG_WARN_BLOCK_CAPTURE_AUTORELEASING = YES;
				CLANG_WARN_BOOL_CONVERSION = YES;
				CLANG_WARN_COMMA = YES;
				CLANG_WARN_CONSTANT_CONVERSION = YES;
				CLANG_WARN_DEPRECATED_OBJC_IMPLEMENTATIONS = YES;
				CLANG_WARN_DIRECT_OBJC_ISA_USAGE = YES_ERROR;
				CLANG_WARN_DOCUMENTATION_COMMENTS = YES;
				CLANG_WARN_EMPTY_BODY = YES;
				CLANG_WARN_ENUM_CONVERSION = YES;
				CLANG_WARN_INFINITE_RECURSION = YES;
				CLANG_WARN_INT_CONVERSION = YES;
				CLANG_WARN_NON_LITERAL_NULL_CONVERSION = YES;
				CLANG_WARN_OBJC_IMPLICIT_RETAIN_SELF = YES;
				CLANG_WARN_OBJC_LITERAL_CONVERSION = YES;
				CLANG_WARN_OBJC_ROOT_CLASS = YES_ERROR;
				CLANG_WARN_QUOTED_INCLUDE_IN_FRAMEWORK_HEADER = YES;
				CLANG_WARN_RANGE_LOOP_ANALYSIS = YES;
				CLANG_WARN_STRICT_PROTOTYPES = YES;
				CLANG_WARN_SUSPICIOUS_MOVE = YES;
				CLANG_WARN_UNGUARDED_AVAILABILITY = YES_AGGRESSIVE;
				CLANG_WARN_UNREACHABLE_CODE = YES;
				CLANG_WARN__DUPLICATE_METHOD_MATCH = YES;
				COPY_PHASE_STRIP = NO;
				DEBUG_INFORMATION_FORMAT = dwarf;
				ENABLE_STRICT_OBJC_MSGSEND = YES;
				ENABLE_TESTABILITY = YES;
				GCC_C_LANGUAGE_STANDARD = gnu11;
				GCC_DYNAMIC_NO_PIC = NO;
				GCC_NO_COMMON_BLOCKS = YES;
				GCC_OPTIMIZATION_LEVEL = 0;
				GCC_PREPROCESSOR_DEFINITIONS = (
					"DEBUG=1",
					"$(inherited)",
				);
				GCC_WARN_64_TO_32_BIT_CONVERSION = YES;
				GCC_WARN_ABOUT_RETURN_TYPE = YES_ERROR;
				GCC_WARN_UNDECLARED_SELECTOR = YES;
				GCC_WARN_UNINITIALIZED_AUTOS = YES_AGGRESSIVE;
				GCC_WARN_UNUSED_FUNCTION = YES;
				GCC_WARN_UNUSED_VARIABLE = YES;
				IPHONEOS_DEPLOYMENT_TARGET = 14.1;
				MTL_ENABLE_DEBUG_INFO = INCLUDE_SOURCE;
				MTL_FAST_MATH = YES;
				ONLY_ACTIVE_ARCH = YES;
				SDKROOT = iphoneos;
				SWIFT_ACTIVE_COMPILATION_CONDITIONS = DEBUG;
				SWIFT_OPTIMIZATION_LEVEL = "-Onone";
			};
			name = Debug;
		};
		D97E4E0225FA5F9500A9D363 /* Release */ = {
			isa = XCBuildConfiguration;
			buildSettings = {
				ALWAYS_SEARCH_USER_PATHS = NO;
				CLANG_ANALYZER_NONNULL = YES;
				CLANG_ANALYZER_NUMBER_OBJECT_CONVERSION = YES_AGGRESSIVE;
				CLANG_CXX_LANGUAGE_STANDARD = "gnu++14";
				CLANG_CXX_LIBRARY = "libc++";
				CLANG_ENABLE_MODULES = YES;
				CLANG_ENABLE_OBJC_ARC = YES;
				CLANG_ENABLE_OBJC_WEAK = YES;
				CLANG_WARN_BLOCK_CAPTURE_AUTORELEASING = YES;
				CLANG_WARN_BOOL_CONVERSION = YES;
				CLANG_WARN_COMMA = YES;
				CLANG_WARN_CONSTANT_CONVERSION = YES;
				CLANG_WARN_DEPRECATED_OBJC_IMPLEMENTATIONS = YES;
				CLANG_WARN_DIRECT_OBJC_ISA_USAGE = YES_ERROR;
				CLANG_WARN_DOCUMENTATION_COMMENTS = YES;
				CLANG_WARN_EMPTY_BODY = YES;
				CLANG_WARN_ENUM_CONVERSION = YES;
				CLANG_WARN_INFINITE_RECURSION = YES;
				CLANG_WARN_INT_CONVERSION = YES;
				CLANG_WARN_NON_LITERAL_NULL_CONVERSION = YES;
				CLANG_WARN_OBJC_IMPLICIT_RETAIN_SELF = YES;
				CLANG_WARN_OBJC_LITERAL_CONVERSION = YES;
				CLANG_WARN_OBJC_ROOT_CLASS = YES_ERROR;
				CLANG_WARN_QUOTED_INCLUDE_IN_FRAMEWORK_HEADER = YES;
				CLANG_WARN_RANGE_LOOP_ANALYSIS = YES;
				CLANG_WARN_STRICT_PROTOTYPES = YES;
				CLANG_WARN_SUSPICIOUS_MOVE = YES;
				CLANG_WARN_UNGUARDED_AVAILABILITY = YES_AGGRESSIVE;
				CLANG_WARN_UNREACHABLE_CODE = YES;
				CLANG_WARN__DUPLICATE_METHOD_MATCH = YES;
				COPY_PHASE_STRIP = NO;
				DEBUG_INFORMATION_FORMAT = "dwarf-with-dsym";
				ENABLE_NS_ASSERTIONS = NO;
				ENABLE_STRICT_OBJC_MSGSEND = YES;
				GCC_C_LANGUAGE_STANDARD = gnu11;
				GCC_NO_COMMON_BLOCKS = YES;
				GCC_WARN_64_TO_32_BIT_CONVERSION = YES;
				GCC_WARN_ABOUT_RETURN_TYPE = YES_ERROR;
				GCC_WARN_UNDECLARED_SELECTOR = YES;
				GCC_WARN_UNINITIALIZED_AUTOS = YES_AGGRESSIVE;
				GCC_WARN_UNUSED_FUNCTION = YES;
				GCC_WARN_UNUSED_VARIABLE = YES;
				IPHONEOS_DEPLOYMENT_TARGET = 14.1;
				MTL_ENABLE_DEBUG_INFO = NO;
				MTL_FAST_MATH = YES;
				SDKROOT = iphoneos;
				SWIFT_COMPILATION_MODE = wholemodule;
				SWIFT_OPTIMIZATION_LEVEL = "-O";
				VALIDATE_PRODUCT = YES;
			};
			name = Release;
		};
		D97E4E0425FA5F9500A9D363 /* Debug */ = {
			isa = XCBuildConfiguration;
			baseConfigurationReference = 035A74EC79534E946AD883D5 /* Pods-PhotoFlicker.debug.xcconfig */;
			buildSettings = {
				ASSETCATALOG_COMPILER_APPICON_NAME = AppIcon;
				ASSETCATALOG_COMPILER_GLOBAL_ACCENT_COLOR_NAME = AccentColor;
				CODE_SIGN_STYLE = Automatic;
				DEVELOPMENT_TEAM = UK6Y67HR9Y;
				INFOPLIST_FILE = "$(SRCROOT)/PhotoFlicker/Configuration/Info.plist";
				LD_RUNPATH_SEARCH_PATHS = (
					"$(inherited)",
					"@executable_path/Frameworks",
				);
				PRODUCT_BUNDLE_IDENTIFIER = com.soda.PhotoFlicker;
				PRODUCT_NAME = "$(TARGET_NAME)";
				SWIFT_VERSION = 5.0;
				TARGETED_DEVICE_FAMILY = "1,2";
			};
			name = Debug;
		};
		D97E4E0525FA5F9500A9D363 /* Release */ = {
			isa = XCBuildConfiguration;
			baseConfigurationReference = C8E4FC7C93D2881D928E4682 /* Pods-PhotoFlicker.release.xcconfig */;
			buildSettings = {
				ASSETCATALOG_COMPILER_APPICON_NAME = AppIcon;
				ASSETCATALOG_COMPILER_GLOBAL_ACCENT_COLOR_NAME = AccentColor;
				CODE_SIGN_STYLE = Automatic;
				DEVELOPMENT_TEAM = UK6Y67HR9Y;
				INFOPLIST_FILE = "$(SRCROOT)/PhotoFlicker/Configuration/Info.plist";
				LD_RUNPATH_SEARCH_PATHS = (
					"$(inherited)",
					"@executable_path/Frameworks",
				);
				PRODUCT_BUNDLE_IDENTIFIER = com.soda.PhotoFlicker;
				PRODUCT_NAME = "$(TARGET_NAME)";
				SWIFT_VERSION = 5.0;
				TARGETED_DEVICE_FAMILY = "1,2";
			};
			name = Release;
		};
/* End XCBuildConfiguration section */

/* Begin XCConfigurationList section */
		D97E4DEA25FA5F9100A9D363 /* Build configuration list for PBXProject "PhotoFlicker" */ = {
			isa = XCConfigurationList;
			buildConfigurations = (
				D97E4E0125FA5F9500A9D363 /* Debug */,
				D97E4E0225FA5F9500A9D363 /* Release */,
			);
			defaultConfigurationIsVisible = 0;
			defaultConfigurationName = Release;
		};
		D97E4E0325FA5F9500A9D363 /* Build configuration list for PBXNativeTarget "PhotoFlicker" */ = {
			isa = XCConfigurationList;
			buildConfigurations = (
				D97E4E0425FA5F9500A9D363 /* Debug */,
				D97E4E0525FA5F9500A9D363 /* Release */,
			);
			defaultConfigurationIsVisible = 0;
			defaultConfigurationName = Release;
		};
/* End XCConfigurationList section */
	};
	rootObject = D97E4DE725FA5F9100A9D363 /* Project object */;
}
